
Microsoft Visual Studio Solution File, Format Version 12.00
# Visual Studio 15
VisualStudioVersion = 15.0.28010.2050
MinimumVisualStudioVersion = 10.0.40219.1
Project("{E24C65DC-7377-472B-9ABA-BC803B73C61A}") = "CreativeShare", ".", "{98EE0AB8-BEB5-46E0-8E5D-F9DA763461AA}"
	ProjectSection(WebsiteProperties) = preProject
		TargetFrameworkMoniker = ".NETFramework,Version%3Dv4.5"
		Debug.AspNetCompiler.VirtualPath = "/localhost_51884"
		Debug.AspNetCompiler.PhysicalPath = "..\CreativeShare\"
		Debug.AspNetCompiler.TargetPath = "PrecompiledWeb\localhost_51884\"
		Debug.AspNetCompiler.Updateable = "true"
		Debug.AspNetCompiler.ForceOverwrite = "true"
		Debug.AspNetCompiler.FixedNames = "false"
		Debug.AspNetCompiler.Debug = "True"
		Release.AspNetCompiler.VirtualPath = "/localhost_51884"
		Release.AspNetCompiler.PhysicalPath = "..\CreativeShare\"
		Release.AspNetCompiler.TargetPath = "PrecompiledWeb\localhost_51884\"
		Release.AspNetCompiler.Updateable = "true"
		Release.AspNetCompiler.ForceOverwrite = "true"
		Release.AspNetCompiler.FixedNames = "false"
		Release.AspNetCompiler.Debug = "False"
		VWDPort = "51884"
		SlnRelativePath = "..\CreativeShare\"
	EndProjectSection
EndProject
Global
	GlobalSection(SolutionConfigurationPlatforms) = preSolution
		Debug|Any CPU = Debug|Any CPU
	EndGlobalSection
	GlobalSection(ProjectConfigurationPlatforms) = postSolution
		{98EE0AB8-BEB5-46E0-8E5D-F9DA763461AA}.Debug|Any CPU.ActiveCfg = Debug|Any CPU
		{98EE0AB8-BEB5-46E0-8E5D-F9DA763461AA}.Debug|Any CPU.Build.0 = Debug|Any CPU
	EndGlobalSection
	GlobalSection(SolutionProperties) = preSolution
		HideSolutionNode = FALSE
	EndGlobalSection
	GlobalSection(ExtensibilityGlobals) = postSolution
		SolutionGuid = {5AC9F6BE-5B6D-4CCE-AA08-AB7671083F94}
	EndGlobalSection
EndGlobal
